Microsoft Visual Studio Solution File, Format Version 11.00
# Visual Studio 2008

Project("{2A7D7E17-CDD0-1708-88D2-15E304B21793}") = "MultiplayerClient", "Assembly-CSharp.csproj", "{65C3F647-D50D-755E-4CF2-1871FCB798DE}"
EndProject
Global
	GlobalSection(SolutionConfigurationPlatforms) = preSolution
		Debug|Any CPU = Debug|Any CPU
		Release|Any CPU = Release|Any CPU
	EndGlobalSection
	GlobalSection(ProjectConfigurationPlatforms) = postSolution
		{65C3F647-D50D-755E-4CF2-1871FCB798DE}.Debug|Any CPU.ActiveCfg = Debug|Any CPU
		{65C3F647-D50D-755E-4CF2-1871FCB798DE}.Debug|Any CPU.Build.0 = Debug|Any CPU
		{65C3F647-D50D-755E-4CF2-1871FCB798DE}.Release|Any CPU.ActiveCfg = Release|Any CPU
		{65C3F647-D50D-755E-4CF2-1871FCB798DE}.Release|Any CPU.Build.0 = Release|Any CPU
	EndGlobalSection
	GlobalSection(SolutionProperties) = preSolution
		HideSolutionNode = FALSE
	EndGlobalSection
	GlobalSection(MonoDevelopProperties) = preSolution
		StartupItem = Assembly-CSharp.csproj
	EndGlobalSection
EndGlobal
